
Microsoft Visual Studio Solution File, Format Version 12.00
# Visual Studio Version 16
VisualStudioVersion = 16.0.29519.87
MinimumVisualStudioVersion = 10.0.40219.1
Project("{9A19103F-16F7-4668-BE54-9A1E7A4F7556}") = "WeatherMap.API", "WheatherMap.API\WeatherMap.API.csproj", "{C614368F-45D9-479A-AA25-3E5D142C3B0F}"
EndProject
Project("{9A19103F-16F7-4668-BE54-9A1E7A4F7556}") = "WeatherMap.Domain", "WeatherMap.Domain\WeatherMap.Domain.csproj", "{FF476531-6FF8-4DFF-B0C9-1160071DEBC8}"
EndProject
Project("{9A19103F-16F7-4668-BE54-9A1E7A4F7556}") = "WeatherMap.Infra.Data", "WeatherMap.Infra.Data\WeatherMap.Infra.Data.csproj", "{AD5D747C-ED5C-4744-98BE-56E47A3D3417}"
EndProject
Project("{9A19103F-16F7-4668-BE54-9A1E7A4F7556}") = "WeatherMap.Infra.IoC", "WeatherMap.Infra.IoC\WeatherMap.Infra.IoC.csproj", "{283B20BB-B0F1-49F6-A4CB-C9A9BF35643C}"
EndProject
Project("{9A19103F-16F7-4668-BE54-9A1E7A4F7556}") = "WeatherMap.Infra.Services", "WeatherMap.Infra.Services\WeatherMap.Infra.Services.csproj", "{13E14F76-7E78-4B5A-BEB1-68C45B9CEE97}"
EndProject
Project("{9A19103F-16F7-4668-BE54-9A1E7A4F7556}") = "WeatherMap.Shared", "WeatherMap.Shared\WeatherMap.Shared.csproj", "{202A2F15-A119-44AC-854A-5610765F25F6}"
EndProject
Project("{FAE04EC0-301F-11D3-BF4B-00C04F79EFBC}") = "WeatherMap.Tests", "WeatherMap.Tests\WeatherMap.Tests.csproj", "{B43465BA-36E6-4CA2-AAD4-F0607B8550CB}"
EndProject
Global
	GlobalSection(SolutionConfigurationPlatforms) = preSolution
		Debug|Any CPU = Debug|Any CPU
		Release|Any CPU = Release|Any CPU
	EndGlobalSection
	GlobalSection(ProjectConfigurationPlatforms) = postSolution
		{C614368F-45D9-479A-AA25-3E5D142C3B0F}.Debug|Any CPU.ActiveCfg = Debug|Any CPU
		{C614368F-45D9-479A-AA25-3E5D142C3B0F}.Debug|Any CPU.Build.0 = Debug|Any CPU
		{C614368F-45D9-479A-AA25-3E5D142C3B0F}.Release|Any CPU.ActiveCfg = Release|Any CPU
		{C614368F-45D9-479A-AA25-3E5D142C3B0F}.Release|Any CPU.Build.0 = Release|Any CPU
		{FF476531-6FF8-4DFF-B0C9-1160071DEBC8}.Debug|Any CPU.ActiveCfg = Debug|Any CPU
		{FF476531-6FF8-4DFF-B0C9-1160071DEBC8}.Debug|Any CPU.Build.0 = Debug|Any CPU
		{FF476531-6FF8-4DFF-B0C9-1160071DEBC8}.Release|Any CPU.ActiveCfg = Release|Any CPU
		{FF476531-6FF8-4DFF-B0C9-1160071DEBC8}.Release|Any CPU.Build.0 = Release|Any CPU
		{AD5D747C-ED5C-4744-98BE-56E47A3D3417}.Debug|Any CPU.ActiveCfg = Debug|Any CPU
		{AD5D747C-ED5C-4744-98BE-56E47A3D3417}.Debug|Any CPU.Build.0 = Debug|Any CPU
		{AD5D747C-ED5C-4744-98BE-56E47A3D3417}.Release|Any CPU.ActiveCfg = Release|Any CPU
		{AD5D747C-ED5C-4744-98BE-56E47A3D3417}.Release|Any CPU.Build.0 = Release|Any CPU
		{283B20BB-B0F1-49F6-A4CB-C9A9BF35643C}.Debug|Any CPU.ActiveCfg = Debug|Any CPU
		{283B20BB-B0F1-49F6-A4CB-C9A9BF35643C}.Debug|Any CPU.Build.0 = Debug|Any CPU
		{283B20BB-B0F1-49F6-A4CB-C9A9BF35643C}.Release|Any CPU.ActiveCfg = Release|Any CPU
		{283B20BB-B0F1-49F6-A4CB-C9A9BF35643C}.Release|Any CPU.Build.0 = Release|Any CPU
		{13E14F76-7E78-4B5A-BEB1-68C45B9CEE97}.Debug|Any CPU.ActiveCfg = Debug|Any CPU
		{13E14F76-7E78-4B5A-BEB1-68C45B9CEE97}.Debug|Any CPU.Build.0 = Debug|Any CPU
		{13E14F76-7E78-4B5A-BEB1-68C45B9CEE97}.Release|Any CPU.ActiveCfg = Release|Any CPU
		{13E14F76-7E78-4B5A-BEB1-68C45B9CEE97}.Release|Any CPU.Build.0 = Release|Any CPU
		{202A2F15-A119-44AC-854A-5610765F25F6}.Debug|Any CPU.ActiveCfg = Debug|Any CPU
		{202A2F15-A119-44AC-854A-5610765F25F6}.Debug|Any CPU.Build.0 = Debug|Any CPU
		{202A2F15-A119-44AC-854A-5610765F25F6}.Release|Any CPU.ActiveCfg = Release|Any CPU
		{202A2F15-A119-44AC-854A-5610765F25F6}.Release|Any CPU.Build.0 = Release|Any CPU
		{B43465BA-36E6-4CA2-AAD4-F0607B8550CB}.Debug|Any CPU.ActiveCfg = Debug|Any CPU
		{B43465BA-36E6-4CA2-AAD4-F0607B8550CB}.Debug|Any CPU.Build.0 = Debug|Any CPU
		{B43465BA-36E6-4CA2-AAD4-F0607B8550CB}.Release|Any CPU.ActiveCfg = Release|Any CPU
		{B43465BA-36E6-4CA2-AAD4-F0607B8550CB}.Release|Any CPU.Build.0 = Release|Any CPU
	EndGlobalSection
	GlobalSection(SolutionProperties) = preSolution
		HideSolutionNode = FALSE
	EndGlobalSection
	GlobalSection(ExtensibilityGlobals) = postSolution
		SolutionGuid = {AD9E9158-FC5A-41E9-A675-ACE66DEC356E}
	EndGlobalSection
EndGlobal
